
Microsoft Visual Studio Solution File, Format Version 12.00
# Visual Studio 15
VisualStudioVersion = 15.0.26430.12
MinimumVisualStudioVersion = 10.0.40219.1
Project("{FAE04EC0-301F-11D3-BF4B-00C04F79EFBC}") = "Maratona.Android", "Maratona\Maratona.Android\Maratona.Android.csproj", "{4EBCC667-FBF5-41E4-8999-47F44783096E}"
EndProject
Project("{FAE04EC0-301F-11D3-BF4B-00C04F79EFBC}") = "Maratona", "Maratona\Maratona\Maratona.csproj", "{116EAA20-A405-4D55-954B-1436833648B2}"
EndProject
Project("{FAE04EC0-301F-11D3-BF4B-00C04F79EFBC}") = "Maratona.UWP", "Maratona\Maratona.UWP\Maratona.UWP.csproj", "{66B213EE-328B-49D1-A097-E37C25413673}"
EndProject
Project("{FAE04EC0-301F-11D3-BF4B-00C04F79EFBC}") = "Maratona.iOS", "Maratona\Maratona.iOS\Maratona.iOS.csproj", "{611E6FF1-5FAE-4E5F-8284-FE3E8B60C7AD}"
EndProject
Global
	GlobalSection(SolutionConfigurationPlatforms) = preSolution
		Ad-Hoc|Any CPU = Ad-Hoc|Any CPU
		Ad-Hoc|ARM = Ad-Hoc|ARM
		Ad-Hoc|iPhone = Ad-Hoc|iPhone
		Ad-Hoc|iPhoneSimulator = Ad-Hoc|iPhoneSimulator
		Ad-Hoc|x64 = Ad-Hoc|x64
		Ad-Hoc|x86 = Ad-Hoc|x86
		AppStore|Any CPU = AppStore|Any CPU
		AppStore|ARM = AppStore|ARM
		AppStore|iPhone = AppStore|iPhone
		AppStore|iPhoneSimulator = AppStore|iPhoneSimulator
		AppStore|x64 = AppStore|x64
		AppStore|x86 = AppStore|x86
		Debug|Any CPU = Debug|Any CPU
		Debug|ARM = Debug|ARM
		Debug|iPhone = Debug|iPhone
		Debug|iPhoneSimulator = Debug|iPhoneSimulator
		Debug|x64 = Debug|x64
		Debug|x86 = Debug|x86
		Release|Any CPU = Release|Any CPU
		Release|ARM = Release|ARM
		Release|iPhone = Release|iPhone
		Release|iPhoneSimulator = Release|iPhoneSimulator
		Release|x64 = Release|x64
		Release|x86 = Release|x86
	EndGlobalSection
	GlobalSection(ProjectConfigurationPlatforms) = postSolution
		{4EBCC667-FBF5-41E4-8999-47F44783096E}.Ad-Hoc|Any CPU.ActiveCfg = Release|Any CPU
		{4EBCC667-FBF5-41E4-8999-47F44783096E}.Ad-Hoc|Any CPU.Build.0 = Release|Any CPU
		{4EBCC667-FBF5-41E4-8999-47F44783096E}.Ad-Hoc|Any CPU.Deploy.0 = Release|Any CPU
		{4EBCC667-FBF5-41E4-8999-47F44783096E}.Ad-Hoc|ARM.ActiveCfg = Release|Any CPU
		{4EBCC667-FBF5-41E4-8999-47F44783096E}.Ad-Hoc|ARM.Build.0 = Release|Any CPU
		{4EBCC667-FBF5-41E4-8999-47F44783096E}.Ad-Hoc|ARM.Deploy.0 = Release|Any CPU
		{4EBCC667-FBF5-41E4-8999-47F44783096E}.Ad-Hoc|iPhone.ActiveCfg = Release|Any CPU
		{4EBCC667-FBF5-41E4-8999-47F44783096E}.Ad-Hoc|iPhone.Build.0 = Release|Any CPU
		{4EBCC667-FBF5-41E4-8999-47F44783096E}.Ad-Hoc|iPhone.Deploy.0 = Release|Any CPU
		{4EBCC667-FBF5-41E4-8999-47F44783096E}.Ad-Hoc|iPhoneSimulator.ActiveCfg = Release|Any CPU
		{4EBCC667-FBF5-41E4-8999-47F44783096E}.Ad-Hoc|iPhoneSimulator.Build.0 = Release|Any CPU
		{4EBCC667-FBF5-41E4-8999-47F44783096E}.Ad-Hoc|iPhoneSimulator.Deploy.0 = Release|Any CPU
		{4EBCC667-FBF5-41E4-8999-47F44783096E}.Ad-Hoc|x64.ActiveCfg = Release|Any CPU
		{4EBCC667-FBF5-41E4-8999-47F44783096E}.Ad-Hoc|x64.Build.0 = Release|Any CPU
		{4EBCC667-FBF5-41E4-8999-47F44783096E}.Ad-Hoc|x64.Deploy.0 = Release|Any CPU
		{4EBCC667-FBF5-41E4-8999-47F44783096E}.Ad-Hoc|x86.ActiveCfg = Release|Any CPU
		{4EBCC667-FBF5-41E4-8999-47F44783096E}.Ad-Hoc|x86.Build.0 = Release|Any CPU
		{4EBCC667-FBF5-41E4-8999-47F44783096E}.Ad-Hoc|x86.Deploy.0 = Release|Any CPU
		{4EBCC667-FBF5-41E4-8999-47F44783096E}.AppStore|Any CPU.ActiveCfg = Release|Any CPU
		{4EBCC667-FBF5-41E4-8999-47F44783096E}.AppStore|Any CPU.Build.0 = Release|Any CPU
		{4EBCC667-FBF5-41E4-8999-47F44783096E}.AppStore|Any CPU.Deploy.0 = Release|Any CPU
		{4EBCC667-FBF5-41E4-8999-47F44783096E}.AppStore|ARM.ActiveCfg = Release|Any CPU
		{4EBCC667-FBF5-41E4-8999-47F44783096E}.AppStore|ARM.Build.0 = Release|Any CPU
		{4EBCC667-FBF5-41E4-8999-47F44783096E}.AppStore|ARM.Deploy.0 = Release|Any CPU
		{4EBCC667-FBF5-41E4-8999-47F44783096E}.AppStore|iPhone.ActiveCfg = Release|Any CPU
		{4EBCC667-FBF5-41E4-8999-47F44783096E}.AppStore|iPhone.Build.0 = Release|Any CPU
		{4EBCC667-FBF5-41E4-8999-47F44783096E}.AppStore|iPhone.Deploy.0 = Release|Any CPU
		{4EBCC667-FBF5-41E4-8999-47F44783096E}.AppStore|iPhoneSimulator.ActiveCfg = Release|Any CPU
		{4EBCC667-FBF5-41E4-8999-47F44783096E}.AppStore|iPhoneSimulator.Build.0 = Release|Any CPU
		{4EBCC667-FBF5-41E4-8999-47F44783096E}.AppStore|iPhoneSimulator.Deploy.0 = Release|Any CPU
		{4EBCC667-FBF5-41E4-8999-47F44783096E}.AppStore|x64.ActiveCfg = Release|Any CPU
		{4EBCC667-FBF5-41E4-8999-47F44783096E}.AppStore|x64.Build.0 = Release|Any CPU
		{4EBCC667-FBF5-41E4-8999-47F44783096E}.AppStore|x64.Deploy.0 = Release|Any CPU
		{4EBCC667-FBF5-41E4-8999-47F44783096E}.AppStore|x86.ActiveCfg = Release|Any CPU
		{4EBCC667-FBF5-41E4-8999-47F44783096E}.AppStore|x86.Build.0 = Release|Any CPU
		{4EBCC667-FBF5-41E4-8999-47F44783096E}.AppStore|x86.Deploy.0 = Release|Any CPU
		{4EBCC667-FBF5-41E4-8999-47F44783096E}.Debug|Any CPU.ActiveCfg = Debug|Any CPU
		{4EBCC667-FBF5-41E4-8999-47F44783096E}.Debug|Any CPU.Build.0 = Debug|Any CPU
		{4EBCC667-FBF5-41E4-8999-47F44783096E}.Debug|Any CPU.Deploy.0 = Debug|Any CPU
		{4EBCC667-FBF5-41E4-8999-47F44783096E}.Debug|ARM.ActiveCfg = Debug|Any CPU
		{4EBCC667-FBF5-41E4-8999-47F44783096E}.Debug|ARM.Build.0 = Debug|Any CPU
		{4EBCC667-FBF5-41E4-8999-47F44783096E}.Debug|ARM.Deploy.0 = Debug|Any CPU
		{4EBCC667-FBF5-41E4-8999-47F44783096E}.Debug|iPhone.ActiveCfg = Debug|Any CPU
		{4EBCC667-FBF5-41E4-8999-47F44783096E}.Debug|iPhone.Build.0 = Debug|Any CPU
		{4EBCC667-FBF5-41E4-8999-47F44783096E}.Debug|iPhone.Deploy.0 = Debug|Any CPU
		{4EBCC667-FBF5-41E4-8999-47F44783096E}.Debug|iPhoneSimulator.ActiveCfg = Debug|Any CPU
		{4EBCC667-FBF5-41E4-8999-47F44783096E}.Debug|iPhoneSimulator.Build.0 = Debug|Any CPU
		{4EBCC667-FBF5-41E4-8999-47F44783096E}.Debug|iPhoneSimulator.Deploy.0 = Debug|Any CPU
		{4EBCC667-FBF5-41E4-8999-47F44783096E}.Debug|x64.ActiveCfg = Debug|Any CPU
		{4EBCC667-FBF5-41E4-8999-47F44783096E}.Debug|x64.Build.0 = Debug|Any CPU
		{4EBCC667-FBF5-41E4-8999-47F44783096E}.Debug|x64.Deploy.0 = Debug|Any CPU
		{4EBCC667-FBF5-41E4-8999-47F44783096E}.Debug|x86.ActiveCfg = Debug|Any CPU
		{4EBCC667-FBF5-41E4-8999-47F44783096E}.Debug|x86.Build.0 = Debug|Any CPU
		{4EBCC667-FBF5-41E4-8999-47F44783096E}.Debug|x86.Deploy.0 = Debug|Any CPU
		{4EBCC667-FBF5-41E4-8999-47F44783096E}.Release|Any CPU.ActiveCfg = Release|Any CPU
		{4EBCC667-FBF5-41E4-8999-47F44783096E}.Release|Any CPU.Build.0 = Release|Any CPU
		{4EBCC667-FBF5-41E4-8999-47F44783096E}.Release|Any CPU.Deploy.0 = Release|Any CPU
		{4EBCC667-FBF5-41E4-8999-47F44783096E}.Release|ARM.ActiveCfg = Release|Any CPU
		{4EBCC667-FBF5-41E4-8999-47F44783096E}.Release|ARM.Build.0 = Release|Any CPU
		{4EBCC667-FBF5-41E4-8999-47F44783096E}.Release|ARM.Deploy.0 = Release|Any CPU
		{4EBCC667-FBF5-41E4-8999-47F44783096E}.Release|iPhone.ActiveCfg = Release|Any CPU
		{4EBCC667-FBF5-41E4-8999-47F44783096E}.Release|iPhone.Build.0 = Release|Any CPU
		{4EBCC667-FBF5-41E4-8999-47F44783096E}.Release|iPhone.Deploy.0 = Release|Any CPU
		{4EBCC667-FBF5-41E4-8999-47F44783096E}.Release|iPhoneSimulator.ActiveCfg = Release|Any CPU
		{4EBCC667-FBF5-41E4-8999-47F44783096E}.Release|iPhoneSimulator.Build.0 = Release|Any CPU
		{4EBCC667-FBF5-41E4-8999-47F44783096E}.Release|iPhoneSimulator.Deploy.0 = Release|Any CPU
		{4EBCC667-FBF5-41E4-8999-47F44783096E}.Release|x64.ActiveCfg = Release|Any CPU
		{4EBCC667-FBF5-41E4-8999-47F44783096E}.Release|x64.Build.0 = Release|Any CPU
		{4EBCC667-FBF5-41E4-8999-47F44783096E}.Release|x64.Deploy.0 = Release|Any CPU
		{4EBCC667-FBF5-41E4-8999-47F44783096E}.Release|x86.ActiveCfg = Release|Any CPU
		{4EBCC667-FBF5-41E4-8999-47F44783096E}.Release|x86.Build.0 = Release|Any CPU
		{4EBCC667-FBF5-41E4-8999-47F44783096E}.Release|x86.Deploy.0 = Release|Any CPU
		{116EAA20-A405-4D55-954B-1436833648B2}.Ad-Hoc|Any CPU.ActiveCfg = Release|Any CPU
		{116EAA20-A405-4D55-954B-1436833648B2}.Ad-Hoc|Any CPU.Build.0 = Release|Any CPU
		{116EAA20-A405-4D55-954B-1436833648B2}.Ad-Hoc|ARM.ActiveCfg = Release|Any CPU
		{116EAA20-A405-4D55-954B-1436833648B2}.Ad-Hoc|ARM.Build.0 = Release|Any CPU
		{116EAA20-A405-4D55-954B-1436833648B2}.Ad-Hoc|iPhone.ActiveCfg = Release|Any CPU
		{116EAA20-A405-4D55-954B-1436833648B2}.Ad-Hoc|iPhone.Build.0 = Release|Any CPU
		{116EAA20-A405-4D55-954B-1436833648B2}.Ad-Hoc|iPhoneSimulator.ActiveCfg = Release|Any CPU
		{116EAA20-A405-4D55-954B-1436833648B2}.Ad-Hoc|iPhoneSimulator.Build.0 = Release|Any CPU
		{116EAA20-A405-4D55-954B-1436833648B2}.Ad-Hoc|x64.ActiveCfg = Release|Any CPU
		{116EAA20-A405-4D55-954B-1436833648B2}.Ad-Hoc|x64.Build.0 = Release|Any CPU
		{116EAA20-A405-4D55-954B-1436833648B2}.Ad-Hoc|x86.ActiveCfg = Release|Any CPU
		{116EAA20-A405-4D55-954B-1436833648B2}.Ad-Hoc|x86.Build.0 = Release|Any CPU
		{116EAA20-A405-4D55-954B-1436833648B2}.AppStore|Any CPU.ActiveCfg = Release|Any CPU
		{116EAA20-A405-4D55-954B-1436833648B2}.AppStore|Any CPU.Build.0 = Release|Any CPU
		{116EAA20-A405-4D55-954B-1436833648B2}.AppStore|ARM.ActiveCfg = Release|Any CPU
		{116EAA20-A405-4D55-954B-1436833648B2}.AppStore|ARM.Build.0 = Release|Any CPU
		{116EAA20-A405-4D55-954B-1436833648B2}.AppStore|iPhone.ActiveCfg = Release|Any CPU
		{116EAA20-A405-4D55-954B-1436833648B2}.AppStore|iPhone.Build.0 = Release|Any CPU
		{116EAA20-A405-4D55-954B-1436833648B2}.AppStore|iPhoneSimulator.ActiveCfg = Release|Any CPU
		{116EAA20-A405-4D55-954B-1436833648B2}.AppStore|iPhoneSimulator.Build.0 = Release|Any CPU
		{116EAA20-A405-4D55-954B-1436833648B2}.AppStore|x64.ActiveCfg = Release|Any CPU
		{116EAA20-A405-4D55-954B-1436833648B2}.AppStore|x64.Build.0 = Release|Any CPU
		{116EAA20-A405-4D55-954B-1436833648B2}.AppStore|x86.ActiveCfg = Release|Any CPU
		{116EAA20-A405-4D55-954B-1436833648B2}.AppStore|x86.Build.0 = Release|Any CPU
		{116EAA20-A405-4D55-954B-1436833648B2}.Debug|Any CPU.ActiveCfg = Debug|Any CPU
		{116EAA20-A405-4D55-954B-1436833648B2}.Debug|Any CPU.Build.0 = Debug|Any CPU
		{116EAA20-A405-4D55-954B-1436833648B2}.Debug|ARM.ActiveCfg = Debug|Any CPU
		{116EAA20-A405-4D55-954B-1436833648B2}.Debug|ARM.Build.0 = Debug|Any CPU
		{116EAA20-A405-4D55-954B-1436833648B2}.Debug|iPhone.ActiveCfg = Debug|Any CPU
		{116EAA20-A405-4D55-954B-1436833648B2}.Debug|iPhone.Build.0 = Debug|Any CPU
		{116EAA20-A405-4D55-954B-1436833648B2}.Debug|iPhoneSimulator.ActiveCfg = Debug|Any CPU
		{116EAA20-A405-4D55-954B-1436833648B2}.Debug|iPhoneSimulator.Build.0 = Debug|Any CPU
		{116EAA20-A405-4D55-954B-1436833648B2}.Debug|x64.ActiveCfg = Debug|Any CPU
		{116EAA20-A405-4D55-954B-1436833648B2}.Debug|x64.Build.0 = Debug|Any CPU
		{116EAA20-A405-4D55-954B-1436833648B2}.Debug|x86.ActiveCfg = Debug|Any CPU
		{116EAA20-A405-4D55-954B-1436833648B2}.Debug|x86.Build.0 = Debug|Any CPU
		{116EAA20-A405-4D55-954B-1436833648B2}.Release|Any CPU.ActiveCfg = Release|Any CPU
		{116EAA20-A405-4D55-954B-1436833648B2}.Release|Any CPU.Build.0 = Release|Any CPU
		{116EAA20-A405-4D55-954B-1436833648B2}.Release|ARM.ActiveCfg = Release|Any CPU
		{116EAA20-A405-4D55-954B-1436833648B2}.Release|ARM.Build.0 = Release|Any CPU
		{116EAA20-A405-4D55-954B-1436833648B2}.Release|iPhone.ActiveCfg = Release|Any CPU
		{116EAA20-A405-4D55-954B-1436833648B2}.Release|iPhone.Build.0 = Release|Any CPU
		{116EAA20-A405-4D55-954B-1436833648B2}.Release|iPhoneSimulator.ActiveCfg = Release|Any CPU
		{116EAA20-A405-4D55-954B-1436833648B2}.Release|iPhoneSimulator.Build.0 = Release|Any CPU
		{116EAA20-A405-4D55-954B-1436833648B2}.Release|x64.ActiveCfg = Release|Any CPU
		{116EAA20-A405-4D55-954B-1436833648B2}.Release|x64.Build.0 = Release|Any CPU
		{116EAA20-A405-4D55-954B-1436833648B2}.Release|x86.ActiveCfg = Release|Any CPU
		{116EAA20-A405-4D55-954B-1436833648B2}.Release|x86.Build.0 = Release|Any CPU
		{66B213EE-328B-49D1-A097-E37C25413673}.Ad-Hoc|Any CPU.ActiveCfg = Release|x86
		{66B213EE-328B-49D1-A097-E37C25413673}.Ad-Hoc|Any CPU.Build.0 = Release|x86
		{66B213EE-328B-49D1-A097-E37C25413673}.Ad-Hoc|Any CPU.Deploy.0 = Release|x86
		{66B213EE-328B-49D1-A097-E37C25413673}.Ad-Hoc|ARM.ActiveCfg = Release|ARM
		{66B213EE-328B-49D1-A097-E37C25413673}.Ad-Hoc|ARM.Build.0 = Release|ARM
		{66B213EE-328B-49D1-A097-E37C25413673}.Ad-Hoc|ARM.Deploy.0 = Release|ARM
		{66B213EE-328B-49D1-A097-E37C25413673}.Ad-Hoc|iPhone.ActiveCfg = Release|x86
		{66B213EE-328B-49D1-A097-E37C25413673}.Ad-Hoc|iPhone.Build.0 = Release|x86
		{66B213EE-328B-49D1-A097-E37C25413673}.Ad-Hoc|iPhone.Deploy.0 = Release|x86
		{66B213EE-328B-49D1-A097-E37C25413673}.Ad-Hoc|iPhoneSimulator.ActiveCfg = Release|x86
		{66B213EE-328B-49D1-A097-E37C25413673}.Ad-Hoc|iPhoneSimulator.Build.0 = Release|x86
		{66B213EE-328B-49D1-A097-E37C25413673}.Ad-Hoc|iPhoneSimulator.Deploy.0 = Release|x86
		{66B213EE-328B-49D1-A097-E37C25413673}.Ad-Hoc|x64.ActiveCfg = Release|x64
		{66B213EE-328B-49D1-A097-E37C25413673}.Ad-Hoc|x64.Build.0 = Release|x64
		{66B213EE-328B-49D1-A097-E37C25413673}.Ad-Hoc|x64.Deploy.0 = Release|x64
		{66B213EE-328B-49D1-A097-E37C25413673}.Ad-Hoc|x86.ActiveCfg = Release|x86
		{66B213EE-328B-49D1-A097-E37C25413673}.Ad-Hoc|x86.Build.0 = Release|x86
		{66B213EE-328B-49D1-A097-E37C25413673}.Ad-Hoc|x86.Deploy.0 = Release|x86
		{66B213EE-328B-49D1-A097-E37C25413673}.AppStore|Any CPU.ActiveCfg = Release|x86
		{66B213EE-328B-49D1-A097-E37C25413673}.AppStore|Any CPU.Build.0 = Release|x86
		{66B213EE-328B-49D1-A097-E37C25413673}.AppStore|Any CPU.Deploy.0 = Release|x86
		{66B213EE-328B-49D1-A097-E37C25413673}.AppStore|ARM.ActiveCfg = Release|ARM
		{66B213EE-328B-49D1-A097-E37C25413673}.AppStore|ARM.Build.0 = Release|ARM
		{66B213EE-328B-49D1-A097-E37C25413673}.AppStore|ARM.Deploy.0 = Release|ARM
		{66B213EE-328B-49D1-A097-E37C25413673}.AppStore|iPhone.ActiveCfg = Release|x86
		{66B213EE-328B-49D1-A097-E37C25413673}.AppStore|iPhone.Build.0 = Release|x86
		{66B213EE-328B-49D1-A097-E37C25413673}.AppStore|iPhone.Deploy.0 = Release|x86
		{66B213EE-328B-49D1-A097-E37C25413673}.AppStore|iPhoneSimulator.ActiveCfg = Release|x86
		{66B213EE-328B-49D1-A097-E37C25413673}.AppStore|iPhoneSimulator.Build.0 = Release|x86
		{66B213EE-328B-49D1-A097-E37C25413673}.AppStore|iPhoneSimulator.Deploy.0 = Release|x86
		{66B213EE-328B-49D1-A097-E37C25413673}.AppStore|x64.ActiveCfg = Release|x64
		{66B213EE-328B-49D1-A097-E37C25413673}.AppStore|x64.Build.0 = Release|x64
		{66B213EE-328B-49D1-A097-E37C25413673}.AppStore|x64.Deploy.0 = Release|x64
		{66B213EE-328B-49D1-A097-E37C25413673}.AppStore|x86.ActiveCfg = Release|x86
		{66B213EE-328B-49D1-A097-E37C25413673}.AppStore|x86.Build.0 = Release|x86
		{66B213EE-328B-49D1-A097-E37C25413673}.AppStore|x86.Deploy.0 = Release|x86
		{66B213EE-328B-49D1-A097-E37C25413673}.Debug|Any CPU.ActiveCfg = Debug|x86
		{66B213EE-328B-49D1-A097-E37C25413673}.Debug|ARM.ActiveCfg = Debug|ARM
		{66B213EE-328B-49D1-A097-E37C25413673}.Debug|ARM.Build.0 = Debug|ARM
		{66B213EE-328B-49D1-A097-E37C25413673}.Debug|ARM.Deploy.0 = Debug|ARM
		{66B213EE-328B-49D1-A097-E37C25413673}.Debug|iPhone.ActiveCfg = Debug|x86
		{66B213EE-328B-49D1-A097-E37C25413673}.Debug|iPhoneSimulator.ActiveCfg = Debug|x86
		{66B213EE-328B-49D1-A097-E37C25413673}.Debug|x64.ActiveCfg = Debug|x64
		{66B213EE-328B-49D1-A097-E37C25413673}.Debug|x64.Build.0 = Debug|x64
		{66B213EE-328B-49D1-A097-E37C25413673}.Debug|x64.Deploy.0 = Debug|x64
		{66B213EE-328B-49D1-A097-E37C25413673}.Debug|x86.ActiveCfg = Debug|x86
		{66B213EE-328B-49D1-A097-E37C25413673}.Debug|x86.Build.0 = Debug|x86
		{66B213EE-328B-49D1-A097-E37C25413673}.Debug|x86.Deploy.0 = Debug|x86
		{66B213EE-328B-49D1-A097-E37C25413673}.Release|Any CPU.ActiveCfg = Release|x86
		{66B213EE-328B-49D1-A097-E37C25413673}.Release|ARM.ActiveCfg = Release|ARM
		{66B213EE-328B-49D1-A097-E37C25413673}.Release|ARM.Build.0 = Release|ARM
		{66B213EE-328B-49D1-A097-E37C25413673}.Release|ARM.Deploy.0 = Release|ARM
		{66B213EE-328B-49D1-A097-E37C25413673}.Release|iPhone.ActiveCfg = Release|x86
		{66B213EE-328B-49D1-A097-E37C25413673}.Release|iPhoneSimulator.ActiveCfg = Release|x86
		{66B213EE-328B-49D1-A097-E37C25413673}.Release|x64.ActiveCfg = Release|x64
		{66B213EE-328B-49D1-A097-E37C25413673}.Release|x64.Build.0 = Release|x64
		{66B213EE-328B-49D1-A097-E37C25413673}.Release|x64.Deploy.0 = Release|x64
		{66B213EE-328B-49D1-A097-E37C25413673}.Release|x86.ActiveCfg = Release|x86
		{66B213EE-328B-49D1-A097-E37C25413673}.Release|x86.Build.0 = Release|x86
		{66B213EE-328B-49D1-A097-E37C25413673}.Release|x86.Deploy.0 = Release|x86
		{611E6FF1-5FAE-4E5F-8284-FE3E8B60C7AD}.Ad-Hoc|Any CPU.ActiveCfg = Ad-Hoc|iPhone
		{611E6FF1-5FAE-4E5F-8284-FE3E8B60C7AD}.Ad-Hoc|ARM.ActiveCfg = Ad-Hoc|iPhone
		{611E6FF1-5FAE-4E5F-8284-FE3E8B60C7AD}.Ad-Hoc|iPhone.ActiveCfg = Ad-Hoc|iPhone
		{611E6FF1-5FAE-4E5F-8284-FE3E8B60C7AD}.Ad-Hoc|iPhone.Build.0 = Ad-Hoc|iPhone
		{611E6FF1-5FAE-4E5F-8284-FE3E8B60C7AD}.Ad-Hoc|iPhoneSimulator.ActiveCfg = Ad-Hoc|iPhoneSimulator
		{611E6FF1-5FAE-4E5F-8284-FE3E8B60C7AD}.Ad-Hoc|iPhoneSimulator.Build.0 = Ad-Hoc|iPhoneSimulator
		{611E6FF1-5FAE-4E5F-8284-FE3E8B60C7AD}.Ad-Hoc|x64.ActiveCfg = Ad-Hoc|iPhone
		{611E6FF1-5FAE-4E5F-8284-FE3E8B60C7AD}.Ad-Hoc|x86.ActiveCfg = Ad-Hoc|iPhone
		{611E6FF1-5FAE-4E5F-8284-FE3E8B60C7AD}.AppStore|Any CPU.ActiveCfg = AppStore|iPhone
		{611E6FF1-5FAE-4E5F-8284-FE3E8B60C7AD}.AppStore|ARM.ActiveCfg = AppStore|iPhone
		{611E6FF1-5FAE-4E5F-8284-FE3E8B60C7AD}.AppStore|iPhone.ActiveCfg = AppStore|iPhone
		{611E6FF1-5FAE-4E5F-8284-FE3E8B60C7AD}.AppStore|iPhone.Build.0 = AppStore|iPhone
		{611E6FF1-5FAE-4E5F-8284-FE3E8B60C7AD}.AppStore|iPhoneSimulator.ActiveCfg = AppStore|iPhoneSimulator
		{611E6FF1-5FAE-4E5F-8284-FE3E8B60C7AD}.AppStore|iPhoneSimulator.Build.0 = AppStore|iPhoneSimulator
		{611E6FF1-5FAE-4E5F-8284-FE3E8B60C7AD}.AppStore|x64.ActiveCfg = AppStore|iPhone
		{611E6FF1-5FAE-4E5F-8284-FE3E8B60C7AD}.AppStore|x86.ActiveCfg = AppStore|iPhone
		{611E6FF1-5FAE-4E5F-8284-FE3E8B60C7AD}.Debug|Any CPU.ActiveCfg = Debug|iPhone
		{611E6FF1-5FAE-4E5F-8284-FE3E8B60C7AD}.Debug|ARM.ActiveCfg = Debug|iPhone
		{611E6FF1-5FAE-4E5F-8284-FE3E8B60C7AD}.Debug|iPhone.ActiveCfg = Debug|iPhone
		{611E6FF1-5FAE-4E5F-8284-FE3E8B60C7AD}.Debug|iPhone.Build.0 = Debug|iPhone
		{611E6FF1-5FAE-4E5F-8284-FE3E8B60C7AD}.Debug|iPhoneSimulator.ActiveCfg = Debug|iPhoneSimulator
		{611E6FF1-5FAE-4E5F-8284-FE3E8B60C7AD}.Debug|iPhoneSimulator.Build.0 = Debug|iPhoneSimulator
		{611E6FF1-5FAE-4E5F-8284-FE3E8B60C7AD}.Debug|x64.ActiveCfg = Debug|iPhone
		{611E6FF1-5FAE-4E5F-8284-FE3E8B60C7AD}.Debug|x86.ActiveCfg = Debug|iPhone
		{611E6FF1-5FAE-4E5F-8284-FE3E8B60C7AD}.Release|Any CPU.ActiveCfg = Release|iPhone
		{611E6FF1-5FAE-4E5F-8284-FE3E8B60C7AD}.Release|ARM.ActiveCfg = Release|iPhone
		{611E6FF1-5FAE-4E5F-8284-FE3E8B60C7AD}.Release|iPhone.ActiveCfg = Release|iPhone
		{611E6FF1-5FAE-4E5F-8284-FE3E8B60C7AD}.Release|iPhone.Build.0 = Release|iPhone
		{611E6FF1-5FAE-4E5F-8284-FE3E8B60C7AD}.Release|iPhoneSimulator.ActiveCfg = Release|iPhoneSimulator
		{611E6FF1-5FAE-4E5F-8284-FE3E8B60C7AD}.Release|iPhoneSimulator.Build.0 = Release|iPhoneSimulator
		{611E6FF1-5FAE-4E5F-8284-FE3E8B60C7AD}.Release|x64.ActiveCfg = Release|iPhone
		{611E6FF1-5FAE-4E5F-8284-FE3E8B60C7AD}.Release|x86.ActiveCfg = Release|iPhone
	EndGlobalSection
	GlobalSection(SolutionProperties) = preSolution
		HideSolutionNode = FALSE
	EndGlobalSection
EndGlobal
